
Microsoft Visual Studio Solution File, Format Version 12.00
# Visual Studio Version 17
VisualStudioVersion = 17.3.32922.545
MinimumVisualStudioVersion = 10.0.40219.1
Project("{FAE04EC0-301F-11D3-BF4B-00C04F79EFBC}") = "test_task", "test_task\test_task.csproj", "{25DDD3A5-662B-4B9E-9E8C-56D576DDC907}"
EndProject
Global
	GlobalSection(SolutionConfigurationPlatforms) = preSolution
		Debug|Any CPU = Debug|Any CPU
		Release|Any CPU = Release|Any CPU
	EndGlobalSection
	GlobalSection(ProjectConfigurationPlatforms) = postSolution
		{25DDD3A5-662B-4B9E-9E8C-56D576DDC907}.Debug|Any CPU.ActiveCfg = Debug|Any CPU
		{25DDD3A5-662B-4B9E-9E8C-56D576DDC907}.Debug|Any CPU.Build.0 = Debug|Any CPU
		{25DDD3A5-662B-4B9E-9E8C-56D576DDC907}.Release|Any CPU.ActiveCfg = Release|Any CPU
		{25DDD3A5-662B-4B9E-9E8C-56D576DDC907}.Release|Any CPU.Build.0 = Release|Any CPU
	EndGlobalSection
	GlobalSection(SolutionProperties) = preSolution
		HideSolutionNode = FALSE
	EndGlobalSection
	GlobalSection(ExtensibilityGlobals) = postSolution
		SolutionGuid = {5F0D1C38-7F98-4E72-A647-BB1C5155B1D6}
	EndGlobalSection
EndGlobal
